
Microsoft Visual Studio Solution File, Format Version 12.00
# Visual Studio Version 17
VisualStudioVersion = 17.9.34622.214
MinimumVisualStudioVersion = 10.0.40219.1
Project("{FAE04EC0-301F-11D3-BF4B-00C04F79EFBC}") = "AuditLogging", "AuditLogging\AuditLogging.csproj", "{F4487DEC-497C-46DF-B220-D14A1FEC30C7}"
EndProject
Project("{FAE04EC0-301F-11D3-BF4B-00C04F79EFBC}") = "AuditLogging.Core", "AuditLogging.Core\AuditLogging.Core.csproj", "{66C37A5E-1601-411C-B466-B2E1138521A4}"
EndProject
Global
	GlobalSection(SolutionConfigurationPlatforms) = preSolution
		Debug|Any CPU = Debug|Any CPU
		Release|Any CPU = Release|Any CPU
	EndGlobalSection
	GlobalSection(ProjectConfigurationPlatforms) = postSolution
		{F4487DEC-497C-46DF-B220-D14A1FEC30C7}.Debug|Any CPU.ActiveCfg = Debug|Any CPU
		{F4487DEC-497C-46DF-B220-D14A1FEC30C7}.Debug|Any CPU.Build.0 = Debug|Any CPU
		{F4487DEC-497C-46DF-B220-D14A1FEC30C7}.Release|Any CPU.ActiveCfg = Release|Any CPU
		{F4487DEC-497C-46DF-B220-D14A1FEC30C7}.Release|Any CPU.Build.0 = Release|Any CPU
		{66C37A5E-1601-411C-B466-B2E1138521A4}.Debug|Any CPU.ActiveCfg = Debug|Any CPU
		{66C37A5E-1601-411C-B466-B2E1138521A4}.Debug|Any CPU.Build.0 = Debug|Any CPU
		{66C37A5E-1601-411C-B466-B2E1138521A4}.Release|Any CPU.ActiveCfg = Release|Any CPU
		{66C37A5E-1601-411C-B466-B2E1138521A4}.Release|Any CPU.Build.0 = Release|Any CPU
	EndGlobalSection
	GlobalSection(SolutionProperties) = preSolution
		HideSolutionNode = FALSE
	EndGlobalSection
	GlobalSection(ExtensibilityGlobals) = postSolution
		SolutionGuid = {C59D661E-AB9B-46A7-8A49-92F77F1ED7C8}
	EndGlobalSection
EndGlobal
